
Microsoft Visual Studio Solution File, Format Version 12.00
# Visual Studio Version 17
VisualStudioVersion = 17.13.35931.197
MinimumVisualStudioVersion = 10.0.40219.1
Project("{FAE04EC0-301F-11D3-BF4B-00C04F79EFBC}") = "MVC5.APP.WEB", "MVC5.APP.WEB\MVC5.APP.WEB.csproj", "{942C07F7-AFA1-4532-8CAF-920B899DC1DD}"
EndProject
Project("{FAE04EC0-301F-11D3-BF4B-00C04F79EFBC}") = "MVC5.APP.APPLICATION", "MVC5.APP.APPLICATION\MVC5.APP.APPLICATION.csproj", "{04E32171-4120-4B06-AFE2-CCF3A177FC16}"
EndProject
Project("{FAE04EC0-301F-11D3-BF4B-00C04F79EFBC}") = "MVC5.APP.DOMAIN", "MVC5.APP.DOMAIN\MVC5.APP.DOMAIN.csproj", "{EB3F95E0-3C41-4132-ACD2-456B86A774F4}"
EndProject
Project("{FAE04EC0-301F-11D3-BF4B-00C04F79EFBC}") = "MVC5.APP.INFRA", "MVC5.APP.INFRA\MVC5.APP.INFRA.csproj", "{AB3DF9E1-D050-4EB2-A192-DA6DE62FD3B6}"
EndProject
Project("{2150E333-8FDC-42A3-9474-1A3956D46DE8}") = "01 - Apresentacao", "01 - Apresentacao", "{02EA681E-C7D8-13C7-8484-4AC65E1B71E8}"
EndProject
Project("{2150E333-8FDC-42A3-9474-1A3956D46DE8}") = "02 - Application", "02 - Application", "{CEBD3228-4227-4FDC-8A1F-AB1E9047B920}"
EndProject
Project("{2150E333-8FDC-42A3-9474-1A3956D46DE8}") = "03 - Domain", "03 - Domain", "{5AF371D7-EC62-47A4-A7FE-CCC4B585A3CF}"
EndProject
Project("{2150E333-8FDC-42A3-9474-1A3956D46DE8}") = "04 - Infra", "04 - Infra", "{A770A6F0-2E8A-41E3-8ACB-AA6F777FDA14}"
EndProject
Global
	GlobalSection(SolutionConfigurationPlatforms) = preSolution
		Debug|Any CPU = Debug|Any CPU
		Release|Any CPU = Release|Any CPU
	EndGlobalSection
	GlobalSection(ProjectConfigurationPlatforms) = postSolution
		{942C07F7-AFA1-4532-8CAF-920B899DC1DD}.Debug|Any CPU.ActiveCfg = Debug|Any CPU
		{942C07F7-AFA1-4532-8CAF-920B899DC1DD}.Debug|Any CPU.Build.0 = Debug|Any CPU
		{942C07F7-AFA1-4532-8CAF-920B899DC1DD}.Release|Any CPU.ActiveCfg = Release|Any CPU
		{942C07F7-AFA1-4532-8CAF-920B899DC1DD}.Release|Any CPU.Build.0 = Release|Any CPU
		{04E32171-4120-4B06-AFE2-CCF3A177FC16}.Debug|Any CPU.ActiveCfg = Debug|Any CPU
		{04E32171-4120-4B06-AFE2-CCF3A177FC16}.Debug|Any CPU.Build.0 = Debug|Any CPU
		{04E32171-4120-4B06-AFE2-CCF3A177FC16}.Release|Any CPU.ActiveCfg = Release|Any CPU
		{04E32171-4120-4B06-AFE2-CCF3A177FC16}.Release|Any CPU.Build.0 = Release|Any CPU
		{EB3F95E0-3C41-4132-ACD2-456B86A774F4}.Debug|Any CPU.ActiveCfg = Debug|Any CPU
		{EB3F95E0-3C41-4132-ACD2-456B86A774F4}.Debug|Any CPU.Build.0 = Debug|Any CPU
		{EB3F95E0-3C41-4132-ACD2-456B86A774F4}.Release|Any CPU.ActiveCfg = Release|Any CPU
		{EB3F95E0-3C41-4132-ACD2-456B86A774F4}.Release|Any CPU.Build.0 = Release|Any CPU
		{AB3DF9E1-D050-4EB2-A192-DA6DE62FD3B6}.Debug|Any CPU.ActiveCfg = Debug|Any CPU
		{AB3DF9E1-D050-4EB2-A192-DA6DE62FD3B6}.Debug|Any CPU.Build.0 = Debug|Any CPU
		{AB3DF9E1-D050-4EB2-A192-DA6DE62FD3B6}.Release|Any CPU.ActiveCfg = Release|Any CPU
		{AB3DF9E1-D050-4EB2-A192-DA6DE62FD3B6}.Release|Any CPU.Build.0 = Release|Any CPU
	EndGlobalSection
	GlobalSection(SolutionProperties) = preSolution
		HideSolutionNode = FALSE
	EndGlobalSection
	GlobalSection(NestedProjects) = preSolution
		{942C07F7-AFA1-4532-8CAF-920B899DC1DD} = {02EA681E-C7D8-13C7-8484-4AC65E1B71E8}
		{04E32171-4120-4B06-AFE2-CCF3A177FC16} = {CEBD3228-4227-4FDC-8A1F-AB1E9047B920}
		{EB3F95E0-3C41-4132-ACD2-456B86A774F4} = {5AF371D7-EC62-47A4-A7FE-CCC4B585A3CF}
		{AB3DF9E1-D050-4EB2-A192-DA6DE62FD3B6} = {A770A6F0-2E8A-41E3-8ACB-AA6F777FDA14}
	EndGlobalSection
	GlobalSection(ExtensibilityGlobals) = postSolution
		SolutionGuid = {5B122CBF-FDC4-44FA-AEDB-E76249CF4AE4}
	EndGlobalSection
EndGlobal
